
Microsoft Visual Studio Solution File, Format Version 12.00
# Visual Studio Version 17
VisualStudioVersion = 17.4.33122.133
MinimumVisualStudioVersion = 10.0.40219.1
Project("{9A19103F-16F7-4668-BE54-9A1E7A4F7556}") = "Data", "Data\Data.csproj", "{E1E226B6-F2A9-40EF-83E1-B5493D49B584}"
EndProject
Project("{9A19103F-16F7-4668-BE54-9A1E7A4F7556}") = "Core", "Core\Core.csproj", "{7C345CCB-635C-4A11-92B9-A46E19E629D7}"
EndProject
Project("{9A19103F-16F7-4668-BE54-9A1E7A4F7556}") = "Services", "Services\Services.csproj", "{C6731653-AA43-4C1E-8BE0-AC70953FEB94}"
EndProject
Project("{9A19103F-16F7-4668-BE54-9A1E7A4F7556}") = "UI.MVC", "UI.MVC\UI.MVC.csproj", "{539FBE9B-4365-411E-9B70-26FA0A6B428C}"
EndProject
Project("{9A19103F-16F7-4668-BE54-9A1E7A4F7556}") = "UI.MVC2", "UI.MVC2\UI.MVC2.csproj", "{A9E78157-9843-4C12-B6CE-6A632A40449F}"
EndProject
Project("{FAE04EC0-301F-11D3-BF4B-00C04F79EFBC}") = "UI.API", "UI.API\UI.API.csproj", "{12AE2DA1-D571-4D62-9BBC-F5901ABC94B9}"
EndProject
Global
	GlobalSection(SolutionConfigurationPlatforms) = preSolution
		Debug|Any CPU = Debug|Any CPU
		Release|Any CPU = Release|Any CPU
	EndGlobalSection
	GlobalSection(ProjectConfigurationPlatforms) = postSolution
		{E1E226B6-F2A9-40EF-83E1-B5493D49B584}.Debug|Any CPU.ActiveCfg = Debug|Any CPU
		{E1E226B6-F2A9-40EF-83E1-B5493D49B584}.Debug|Any CPU.Build.0 = Debug|Any CPU
		{E1E226B6-F2A9-40EF-83E1-B5493D49B584}.Release|Any CPU.ActiveCfg = Release|Any CPU
		{E1E226B6-F2A9-40EF-83E1-B5493D49B584}.Release|Any CPU.Build.0 = Release|Any CPU
		{7C345CCB-635C-4A11-92B9-A46E19E629D7}.Debug|Any CPU.ActiveCfg = Debug|Any CPU
		{7C345CCB-635C-4A11-92B9-A46E19E629D7}.Debug|Any CPU.Build.0 = Debug|Any CPU
		{7C345CCB-635C-4A11-92B9-A46E19E629D7}.Release|Any CPU.ActiveCfg = Release|Any CPU
		{7C345CCB-635C-4A11-92B9-A46E19E629D7}.Release|Any CPU.Build.0 = Release|Any CPU
		{C6731653-AA43-4C1E-8BE0-AC70953FEB94}.Debug|Any CPU.ActiveCfg = Debug|Any CPU
		{C6731653-AA43-4C1E-8BE0-AC70953FEB94}.Debug|Any CPU.Build.0 = Debug|Any CPU
		{C6731653-AA43-4C1E-8BE0-AC70953FEB94}.Release|Any CPU.ActiveCfg = Release|Any CPU
		{C6731653-AA43-4C1E-8BE0-AC70953FEB94}.Release|Any CPU.Build.0 = Release|Any CPU
		{539FBE9B-4365-411E-9B70-26FA0A6B428C}.Debug|Any CPU.ActiveCfg = Debug|Any CPU
		{539FBE9B-4365-411E-9B70-26FA0A6B428C}.Debug|Any CPU.Build.0 = Debug|Any CPU
		{539FBE9B-4365-411E-9B70-26FA0A6B428C}.Release|Any CPU.ActiveCfg = Release|Any CPU
		{539FBE9B-4365-411E-9B70-26FA0A6B428C}.Release|Any CPU.Build.0 = Release|Any CPU
		{A9E78157-9843-4C12-B6CE-6A632A40449F}.Debug|Any CPU.ActiveCfg = Debug|Any CPU
		{A9E78157-9843-4C12-B6CE-6A632A40449F}.Debug|Any CPU.Build.0 = Debug|Any CPU
		{A9E78157-9843-4C12-B6CE-6A632A40449F}.Release|Any CPU.ActiveCfg = Release|Any CPU
		{A9E78157-9843-4C12-B6CE-6A632A40449F}.Release|Any CPU.Build.0 = Release|Any CPU
		{12AE2DA1-D571-4D62-9BBC-F5901ABC94B9}.Debug|Any CPU.ActiveCfg = Debug|Any CPU
		{12AE2DA1-D571-4D62-9BBC-F5901ABC94B9}.Debug|Any CPU.Build.0 = Debug|Any CPU
		{12AE2DA1-D571-4D62-9BBC-F5901ABC94B9}.Release|Any CPU.ActiveCfg = Release|Any CPU
		{12AE2DA1-D571-4D62-9BBC-F5901ABC94B9}.Release|Any CPU.Build.0 = Release|Any CPU
	EndGlobalSection
	GlobalSection(SolutionProperties) = preSolution
		HideSolutionNode = FALSE
	EndGlobalSection
	GlobalSection(ExtensibilityGlobals) = postSolution
		SolutionGuid = {70EBCD8E-D255-4CC6-BEE1-5C3FC796D770}
	EndGlobalSection
EndGlobal
